
Microsoft Visual Studio Solution File, Format Version 12.00
# Visual Studio Version 16
VisualStudioVersion = 16.0.29009.5
MinimumVisualStudioVersion = 10.0.40219.1
Project("{FAE04EC0-301F-11D3-BF4B-00C04F79EFBC}") = "Opiniometro_WebApp", "Opiniometro_WebApp\Opiniometro_WebApp.csproj", "{DC6D5169-A650-4F81-8B50-9C2B00F39085}"
EndProject
Project("{FAE04EC0-301F-11D3-BF4B-00C04F79EFBC}") = "Opiniometro_WebAppTest", "Opiniometro_WebAppTest\Opiniometro_WebAppTest.csproj", "{4A798B1B-D48F-449C-898E-E3A0239EF1DB}"
EndProject
Global
	GlobalSection(SolutionConfigurationPlatforms) = preSolution
		Debug|Any CPU = Debug|Any CPU
		Release|Any CPU = Release|Any CPU
	EndGlobalSection
	GlobalSection(ProjectConfigurationPlatforms) = postSolution
		{DC6D5169-A650-4F81-8B50-9C2B00F39085}.Debug|Any CPU.ActiveCfg = Debug|Any CPU
		{DC6D5169-A650-4F81-8B50-9C2B00F39085}.Debug|Any CPU.Build.0 = Debug|Any CPU
		{DC6D5169-A650-4F81-8B50-9C2B00F39085}.Release|Any CPU.ActiveCfg = Release|Any CPU
		{DC6D5169-A650-4F81-8B50-9C2B00F39085}.Release|Any CPU.Build.0 = Release|Any CPU
		{4A798B1B-D48F-449C-898E-E3A0239EF1DB}.Debug|Any CPU.ActiveCfg = Debug|Any CPU
		{4A798B1B-D48F-449C-898E-E3A0239EF1DB}.Debug|Any CPU.Build.0 = Debug|Any CPU
		{4A798B1B-D48F-449C-898E-E3A0239EF1DB}.Release|Any CPU.ActiveCfg = Release|Any CPU
		{4A798B1B-D48F-449C-898E-E3A0239EF1DB}.Release|Any CPU.Build.0 = Release|Any CPU
	EndGlobalSection
	GlobalSection(SolutionProperties) = preSolution
		HideSolutionNode = FALSE
	EndGlobalSection
	GlobalSection(ExtensibilityGlobals) = postSolution
		SolutionGuid = {A2944919-E447-4BC3-B8E8-4DCBEBAF9CA8}
	EndGlobalSection
EndGlobal
