
Microsoft Visual Studio Solution File, Format Version 12.00
# Visual Studio 15
VisualStudioVersion = 15.0.28307.645
MinimumVisualStudioVersion = 10.0.40219.1
Project("{159641D6-6404-4A2A-AE62-294DE0FE8301}") = "AdminCargarArchivo", "AdminCargarArchivo\AdminCargarArchivo.dtproj", "{12629320-FE28-461D-9DD2-6B498971FD17}"
EndProject
Global
	GlobalSection(SolutionConfigurationPlatforms) = preSolution
		Development|Default = Development|Default
	EndGlobalSection
	GlobalSection(ProjectConfigurationPlatforms) = postSolution
		{12629320-FE28-461D-9DD2-6B498971FD17}.Development|Default.ActiveCfg = Development
		{12629320-FE28-461D-9DD2-6B498971FD17}.Development|Default.Build.0 = Development
	EndGlobalSection
	GlobalSection(SolutionProperties) = preSolution
		HideSolutionNode = FALSE
	EndGlobalSection
	GlobalSection(ExtensibilityGlobals) = postSolution
		SolutionGuid = {BD00CDE9-9581-4E7F-8D30-3EDF55D22A78}
	EndGlobalSection
EndGlobal
